
Microsoft Visual Studio Solution File, Format Version 12.00
Project("{FAE04EC0-301F-11D3-BF4B-00C04F79EFBC}") = "SiemensInternship", "SiemensInternship.csproj", "{9CA6B08E-430C-4B55-9DB8-B8CEA03994CE}"
EndProject
Global
	GlobalSection(SolutionConfigurationPlatforms) = preSolution
		Debug|Any CPU = Debug|Any CPU
		Release|Any CPU = Release|Any CPU
	EndGlobalSection
	GlobalSection(ProjectConfigurationPlatforms) = postSolution
		{9CA6B08E-430C-4B55-9DB8-B8CEA03994CE}.Debug|Any CPU.ActiveCfg = Debug|Any CPU
		{9CA6B08E-430C-4B55-9DB8-B8CEA03994CE}.Debug|Any CPU.Build.0 = Debug|Any CPU
		{9CA6B08E-430C-4B55-9DB8-B8CEA03994CE}.Release|Any CPU.ActiveCfg = Release|Any CPU
		{9CA6B08E-430C-4B55-9DB8-B8CEA03994CE}.Release|Any CPU.Build.0 = Release|Any CPU
	EndGlobalSection
EndGlobal
